
Microsoft Visual Studio Solution File, Format Version 12.00
# Visual Studio Version 17
VisualStudioVersion = 17.0.31912.275
MinimumVisualStudioVersion = 10.0.40219.1
Project("{FAE04EC0-301F-11D3-BF4B-00C04F79EFBC}") = "MintaZH", "MintaZH\MintaZH.csproj", "{A4CEDAFA-22E0-452B-92BC-9E0B37AFD7EC}"
EndProject
Global
	GlobalSection(SolutionConfigurationPlatforms) = preSolution
		Debug|Any CPU = Debug|Any CPU
		Release|Any CPU = Release|Any CPU
	EndGlobalSection
	GlobalSection(ProjectConfigurationPlatforms) = postSolution
		{A4CEDAFA-22E0-452B-92BC-9E0B37AFD7EC}.Debug|Any CPU.ActiveCfg = Debug|Any CPU
		{A4CEDAFA-22E0-452B-92BC-9E0B37AFD7EC}.Debug|Any CPU.Build.0 = Debug|Any CPU
		{A4CEDAFA-22E0-452B-92BC-9E0B37AFD7EC}.Release|Any CPU.ActiveCfg = Release|Any CPU
		{A4CEDAFA-22E0-452B-92BC-9E0B37AFD7EC}.Release|Any CPU.Build.0 = Release|Any CPU
	EndGlobalSection
	GlobalSection(SolutionProperties) = preSolution
		HideSolutionNode = FALSE
	EndGlobalSection
	GlobalSection(ExtensibilityGlobals) = postSolution
		SolutionGuid = {E0493C78-7690-4B74-95D6-4F3E44C4CD4F}
	EndGlobalSection
EndGlobal
